// !$*UTF8*$!
{
	archiveVersion = 1;
	classes = {
	};
	objectVersion = 55;
	objects = {

/* Begin PBXBuildFile section */
		1C24083426B9E2C700978B64 /* AppDelegate.m in Sources */ = {isa = PBXBuildFile; fileRef = 1C24083326B9E2C700978B64 /* AppDelegate.m */; };
		1C24083726B9E2C700978B64 /* ViewController.m in Sources */ = {isa = PBXBuildFile; fileRef = 1C24083626B9E2C700978B64 /* ViewController.m */; };
		1C24083926B9E2C800978B64 /* Assets.xcassets in Resources */ = {isa = PBXBuildFile; fileRef = 1C24083826B9E2C800978B64 /* Assets.xcassets */; };
		1C24083C26B9E2C800978B64 /* Main.storyboard in Resources */ = {isa = PBXBuildFile; fileRef = 1C24083A26B9E2C800978B64 /* Main.storyboard */; };
		1C24083E26B9E2C800978B64 /* main.m in Sources */ = {isa = PBXBuildFile; fileRef = 1C24083D26B9E2C800978B64 /* main.m */; };
		1C24088C26B9F25100978B64 /* Intents.framework in Frameworks */ = {isa = PBXBuildFile; fileRef = 1C24088B26B9F25100978B64 /* Intents.framework */; platformFilter = maccatalyst; };
		1C24089026B9F25100978B64 /* IntentHandler.m in Sources */ = {isa = PBXBuildFile; fileRef = 1C24088F26B9F25100978B64 /* IntentHandler.m */; };
		1C24089426B9F25100978B64 /* intents-extension.appex in Embed App Extensions */ = {isa = PBXBuildFile; fileRef = 1C24088926B9F25100978B64 /* intents-extension.appex */; settings = {ATTRIBUTES = (RemoveHeadersOnCopy, ); }; };
		1C24089C26B9F37400978B64 /* Intents.intentdefinition in Sources */ = {isa = PBXBuildFile; fileRef = 1C24089B26B9F37400978B64 /* Intents.intentdefinition */; };
/* End PBXBuildFile section */

/* Begin PBXContainerItemProxy section */
		1C24089226B9F25100978B64 /* PBXContainerItemProxy */ = {
			isa = PBXContainerItemProxy;
			containerPortal = 1C24082726B9E2C700978B64 /* Project object */;
			proxyType = 1;
			remoteGlobalIDString = 1C24088826B9F25100978B64;
			remoteInfo = "intents-extension";
		};
/* End PBXContainerItemProxy section */

/* Begin PBXCopyFilesBuildPhase section */
		1C24089526B9F25100978B64 /* Embed App Extensions */ = {
			isa = PBXCopyFilesBuildPhase;
			buildActionMask = 2147483647;
			dstPath = "";
			dstSubfolderSpec = 13;
			files = (
				1C24089426B9F25100978B64 /* intents-extension.appex in Embed App Extensions */,
			);
			name = "Embed App Extensions";
			runOnlyForDeploymentPostprocessing = 0;
		};
/* End PBXCopyFilesBuildPhase section */

/* Begin PBXFileReference section */
		1C24082F26B9E2C700978B64 /* shortcuts test.app */ = {isa = PBXFileReference; explicitFileType = wrapper.application; includeInIndex = 0; path = "shortcuts test.app"; sourceTree = BUILT_PRODUCTS_DIR; };
		1C24083226B9E2C700978B64 /* AppDelegate.h */ = {isa = PBXFileReference; lastKnownFileType = sourcecode.c.h; path = AppDelegate.h; sourceTree = "<group>"; };
		1C24083326B9E2C700978B64 /* AppDelegate.m */ = {isa = PBXFileReference; lastKnownFileType = sourcecode.c.objc; path = AppDelegate.m; sourceTree = "<group>"; };
		1C24083526B9E2C700978B64 /* ViewController.h */ = {isa = PBXFileReference; lastKnownFileType = sourcecode.c.h; path = ViewController.h; sourceTree = "<group>"; };
		1C24083626B9E2C700978B64 /* ViewController.m */ = {isa = PBXFileReference; lastKnownFileType = sourcecode.c.objc; path = ViewController.m; sourceTree = "<group>"; };
		1C24083826B9E2C800978B64 /* Assets.xcassets */ = {isa = PBXFileReference; lastKnownFileType = folder.assetcatalog; path = Assets.xcassets; sourceTree = "<group>"; };
		1C24083B26B9E2C800978B64 /* Base */ = {isa = PBXFileReference; lastKnownFileType = file.storyboard; name = Base; path = Base.lproj/Main.storyboard; sourceTree = "<group>"; };
		1C24083D26B9E2C800978B64 /* main.m */ = {isa = PBXFileReference; lastKnownFileType = sourcecode.c.objc; path = main.m; sourceTree = "<group>"; };
		1C24088926B9F25100978B64 /* intents-extension.appex */ = {isa = PBXFileReference; explicitFileType = "wrapper.app-extension"; includeInIndex = 0; path = "intents-extension.appex"; sourceTree = BUILT_PRODUCTS_DIR; };
		1C24088B26B9F25100978B64 /* Intents.framework */ = {isa = PBXFileReference; lastKnownFileType = wrapper.framework; name = Intents.framework; path = System/Library/Frameworks/Intents.framework; sourceTree = SDKROOT; };
		1C24088E26B9F25100978B64 /* IntentHandler.h */ = {isa = PBXFileReference; lastKnownFileType = sourcecode.c.h; path = IntentHandler.h; sourceTree = "<group>"; };
		1C24088F26B9F25100978B64 /* IntentHandler.m */ = {isa = PBXFileReference; lastKnownFileType = sourcecode.c.objc; path = IntentHandler.m; sourceTree = "<group>"; };
		1C24089126B9F25100978B64 /* Info.plist */ = {isa = PBXFileReference; lastKnownFileType = text.plist.xml; path = Info.plist; sourceTree = "<group>"; };
		1C24089B26B9F37400978B64 /* Intents.intentdefinition */ = {isa = PBXFileReference; fileEncoding = 4; lastKnownFileType = file.intentdefinition; path = Intents.intentdefinition; sourceTree = "<group>"; };
/* End PBXFileReference section */

/* Begin PBXFrameworksBuildPhase section */
		1C24082C26B9E2C700978B64 /* Frameworks */ = {
			isa = PBXFrameworksBuildPhase;
			buildActionMask = 2147483647;
			files = (
			);
			runOnlyForDeploymentPostprocessing = 0;
		};
		1C24088626B9F25100978B64 /* Frameworks */ = {
			isa = PBXFrameworksBuildPhase;
			buildActionMask = 2147483647;
			files = (
				1C24088C26B9F25100978B64 /* Intents.framework in Frameworks */,
			);
			runOnlyForDeploymentPostprocessing = 0;
		};
/* End PBXFrameworksBuildPhase section */

/* Begin PBXGroup section */
		1C24082626B9E2C700978B64 = {
			isa = PBXGroup;
			children = (
				1C24083126B9E2C700978B64 /* shortcuts test */,
				1C24088D26B9F25100978B64 /* intents-extension */,
				1C24088A26B9F25100978B64 /* Frameworks */,
				1C24083026B9E2C700978B64 /* Products */,
			);
			sourceTree = "<group>";
		};
		1C24083026B9E2C700978B64 /* Products */ = {
			isa = PBXGroup;
			children = (
				1C24082F26B9E2C700978B64 /* shortcuts test.app */,
				1C24088926B9F25100978B64 /* intents-extension.appex */,
			);
			name = Products;
			sourceTree = "<group>";
		};
		1C24083126B9E2C700978B64 /* shortcuts test */ = {
			isa = PBXGroup;
			children = (
				1C24083226B9E2C700978B64 /* AppDelegate.h */,
				1C24083326B9E2C700978B64 /* AppDelegate.m */,
				1C24083526B9E2C700978B64 /* ViewController.h */,
				1C24083626B9E2C700978B64 /* ViewController.m */,
				1C24083826B9E2C800978B64 /* Assets.xcassets */,
				1C24083A26B9E2C800978B64 /* Main.storyboard */,
				1C24083D26B9E2C800978B64 /* main.m */,
			);
			path = "shortcuts test";
			sourceTree = "<group>";
		};
		1C24088A26B9F25100978B64 /* Frameworks */ = {
			isa = PBXGroup;
			children = (
				1C24088B26B9F25100978B64 /* Intents.framework */,
			);
			name = Frameworks;
			sourceTree = "<group>";
		};
		1C24088D26B9F25100978B64 /* intents-extension */ = {
			isa = PBXGroup;
			children = (
				1C24089B26B9F37400978B64 /* Intents.intentdefinition */,
				1C24088E26B9F25100978B64 /* IntentHandler.h */,
				1C24088F26B9F25100978B64 /* IntentHandler.m */,
				1C24089126B9F25100978B64 /* Info.plist */,
			);
			path = "intents-extension";
			sourceTree = "<group>";
		};
/* End PBXGroup section */

/* Begin PBXNativeTarget section */
		1C24082E26B9E2C700978B64 /* shortcuts test */ = {
			isa = PBXNativeTarget;
			buildConfigurationList = 1C24084126B9E2C800978B64 /* Build configuration list for PBXNativeTarget "shortcuts test" */;
			buildPhases = (
				1C24082B26B9E2C700978B64 /* Sources */,
				1C24082C26B9E2C700978B64 /* Frameworks */,
				1C24082D26B9E2C700978B64 /* Resources */,
				1C24089526B9F25100978B64 /* Embed App Extensions */,
			);
			buildRules = (
			);
			dependencies = (
				1C24089326B9F25100978B64 /* PBXTargetDependency */,
			);
			name = "shortcuts test";
			productName = "shortcuts test";
			productReference = 1C24082F26B9E2C700978B64 /* shortcuts test.app */;
			productType = "com.apple.product-type.application";
		};
		1C24088826B9F25100978B64 /* intents-extension */ = {
			isa = PBXNativeTarget;
			buildConfigurationList = 1C24089826B9F25100978B64 /* Build configuration list for PBXNativeTarget "intents-extension" */;
			buildPhases = (
				1C24088526B9F25100978B64 /* Sources */,
				1C24088626B9F25100978B64 /* Frameworks */,
				1C24088726B9F25100978B64 /* Resources */,
			);
			buildRules = (
			);
			dependencies = (
			);
			name = "intents-extension";
			productName = "intents-extension";
			productReference = 1C24088926B9F25100978B64 /* intents-extension.appex */;
			productType = "com.apple.product-type.app-extension";
		};
/* End PBXNativeTarget section */

/* Begin PBXProject section */
		1C24082726B9E2C700978B64 /* Project object */ = {
			isa = PBXProject;
			attributes = {
				BuildIndependentTargetsInParallel = 1;
				LastUpgradeCheck = 1300;
				TargetAttributes = {
					1C24082E26B9E2C700978B64 = {
						CreatedOnToolsVersion = 13.0;
					};
					1C24088826B9F25100978B64 = {
						CreatedOnToolsVersion = 13.0;
					};
				};
			};
			buildConfigurationList = 1C24082A26B9E2C700978B64 /* Build configuration list for PBXProject "shortcuts test" */;
			compatibilityVersion = "Xcode 13.0";
			developmentRegion = en;
			hasScannedForEncodings = 0;
			knownRegions = (
				en,
				Base,
			);
			mainGroup = 1C24082626B9E2C700978B64;
			productRefGroup = 1C24083026B9E2C700978B64 /* Products */;
			projectDirPath = "";
			projectRoot = "";
			targets = (
				1C24082E26B9E2C700978B64 /* shortcuts test */,
				1C24088826B9F25100978B64 /* intents-extension */,
			);
		};
/* End PBXProject section */

/* Begin PBXResourcesBuildPhase section */
		1C24082D26B9E2C700978B64 /* Resources */ = {
			isa = PBXResourcesBuildPhase;
			buildActionMask = 2147483647;
			files = (
				1C24083926B9E2C800978B64 /* Assets.xcassets in Resources */,
				1C24083C26B9E2C800978B64 /* Main.storyboard in Resources */,
			);
			runOnlyForDeploymentPostprocessing = 0;
		};
		1C24088726B9F25100978B64 /* Resources */ = {
			isa = PBXResourcesBuildPhase;
			buildActionMask = 2147483647;
			files = (
			);
			runOnlyForDeploymentPostprocessing = 0;
		};
/* End PBXResourcesBuildPhase section */

/* Begin PBXSourcesBuildPhase section */
		1C24082B26B9E2C700978B64 /* Sources */ = {
			isa = PBXSourcesBuildPhase;
			buildActionMask = 2147483647;
			files = (
				1C24083726B9E2C700978B64 /* ViewController.m in Sources */,
				1C24083E26B9E2C800978B64 /* main.m in Sources */,
				1C24083426B9E2C700978B64 /* AppDelegate.m in Sources */,
			);
			runOnlyForDeploymentPostprocessing = 0;
		};
		1C24088526B9F25100978B64 /* Sources */ = {
			isa = PBXSourcesBuildPhase;
			buildActionMask = 2147483647;
			files = (
				1C24089C26B9F37400978B64 /* Intents.intentdefinition in Sources */,
				1C24089026B9F25100978B64 /* IntentHandler.m in Sources */,
			);
			runOnlyForDeploymentPostprocessing = 0;
		};
/* End PBXSourcesBuildPhase section */

/* Begin PBXTargetDependency section */
		1C24089326B9F25100978B64 /* PBXTargetDependency */ = {
			isa = PBXTargetDependency;
			target = 1C24088826B9F25100978B64 /* intents-extension */;
			targetProxy = 1C24089226B9F25100978B64 /* PBXContainerItemProxy */;
		};
/* End PBXTargetDependency section */

/* Begin PBXVariantGroup section */
		1C24083A26B9E2C800978B64 /* Main.storyboard */ = {
			isa = PBXVariantGroup;
			children = (
				1C24083B26B9E2C800978B64 /* Base */,
			);
			name = Main.storyboard;
			sourceTree = "<group>";
		};
/* End PBXVariantGroup section */

/* Begin XCBuildConfiguration section */
		1C24083F26B9E2C800978B64 /* Debug */ = {
			isa = XCBuildConfiguration;
			buildSettings = {
				ALWAYS_SEARCH_USER_PATHS = NO;
				CLANG_ANALYZER_NONNULL = YES;
				CLANG_ANALYZER_NUMBER_OBJECT_CONVERSION = YES_AGGRESSIVE;
				CLANG_CXX_LANGUAGE_STANDARD = "gnu++17";
				CLANG_CXX_LIBRARY = "libc++";
				CLANG_ENABLE_MODULES = YES;
				CLANG_ENABLE_OBJC_ARC = YES;
				CLANG_ENABLE_OBJC_WEAK = YES;
				CLANG_WARN_BLOCK_CAPTURE_AUTORELEASING = YES;
				CLANG_WARN_BOOL_CONVERSION = YES;
				CLANG_WARN_COMMA = YES;
				CLANG_WARN_CONSTANT_CONVERSION = YES;
				CLANG_WARN_DEPRECATED_OBJC_IMPLEMENTATIONS = YES;
				CLANG_WARN_DIRECT_OBJC_ISA_USAGE = YES_ERROR;
				CLANG_WARN_DOCUMENTATION_COMMENTS = YES;
				CLANG_WARN_EMPTY_BODY = YES;
				CLANG_WARN_ENUM_CONVERSION = YES;
				CLANG_WARN_INFINITE_RECURSION = YES;
				CLANG_WARN_INT_CONVERSION = YES;
				CLANG_WARN_NON_LITERAL_NULL_CONVERSION = YES;
				CLANG_WARN_OBJC_IMPLICIT_RETAIN_SELF = YES;
				CLANG_WARN_OBJC_LITERAL_CONVERSION = YES;
				CLANG_WARN_OBJC_ROOT_CLASS = YES_ERROR;
				CLANG_WARN_QUOTED_INCLUDE_IN_FRAMEWORK_HEADER = YES;
				CLANG_WARN_RANGE_LOOP_ANALYSIS = YES;
				CLANG_WARN_STRICT_PROTOTYPES = YES;
				CLANG_WARN_SUSPICIOUS_MOVE = YES;
				CLANG_WARN_UNGUARDED_AVAILABILITY = YES_AGGRESSIVE;
				CLANG_WARN_UNREACHABLE_CODE = YES;
				CLANG_WARN__DUPLICATE_METHOD_MATCH = YES;
				COPY_PHASE_STRIP = NO;
				DEBUG_INFORMATION_FORMAT = dwarf;
				ENABLE_STRICT_OBJC_MSGSEND = YES;
				ENABLE_TESTABILITY = YES;
				GCC_C_LANGUAGE_STANDARD = gnu11;
				GCC_DYNAMIC_NO_PIC = NO;
				GCC_NO_COMMON_BLOCKS = YES;
				GCC_OPTIMIZATION_LEVEL = 0;
				GCC_PREPROCESSOR_DEFINITIONS = (
					"DEBUG=1",
					"$(inherited)",
				);
				GCC_WARN_64_TO_32_BIT_CONVERSION = YES;
				GCC_WARN_ABOUT_RETURN_TYPE = YES_ERROR;
				GCC_WARN_UNDECLARED_SELECTOR = YES;
				GCC_WARN_UNINITIALIZED_AUTOS = YES_AGGRESSIVE;
				GCC_WARN_UNUSED_FUNCTION = YES;
				GCC_WARN_UNUSED_VARIABLE = YES;
				MACOSX_DEPLOYMENT_TARGET = 12.0;
				MTL_ENABLE_DEBUG_INFO = INCLUDE_SOURCE;
				MTL_FAST_MATH = YES;
				ONLY_ACTIVE_ARCH = YES;
				SDKROOT = macosx;
			};
			name = Debug;
		};
		1C24084026B9E2C800978B64 /* Release */ = {
			isa = XCBuildConfiguration;
			buildSettings = {
				ALWAYS_SEARCH_USER_PATHS = NO;
				CLANG_ANALYZER_NONNULL = YES;
				CLANG_ANALYZER_NUMBER_OBJECT_CONVERSION = YES_AGGRESSIVE;
				CLANG_CXX_LANGUAGE_STANDARD = "gnu++17";
				CLANG_CXX_LIBRARY = "libc++";
				CLANG_ENABLE_MODULES = YES;
				CLANG_ENABLE_OBJC_ARC = YES;
				CLANG_ENABLE_OBJC_WEAK = YES;
				CLANG_WARN_BLOCK_CAPTURE_AUTORELEASING = YES;
				CLANG_WARN_BOOL_CONVERSION = YES;
				CLANG_WARN_COMMA = YES;
				CLANG_WARN_CONSTANT_CONVERSION = YES;
				CLANG_WARN_DEPRECATED_OBJC_IMPLEMENTATIONS = YES;
				CLANG_WARN_DIRECT_OBJC_ISA_USAGE = YES_ERROR;
				CLANG_WARN_DOCUMENTATION_COMMENTS = YES;
				CLANG_WARN_EMPTY_BODY = YES;
				CLANG_WARN_ENUM_CONVERSION = YES;
				CLANG_WARN_INFINITE_RECURSION = YES;
				CLANG_WARN_INT_CONVERSION = YES;
				CLANG_WARN_NON_LITERAL_NULL_CONVERSION = YES;
				CLANG_WARN_OBJC_IMPLICIT_RETAIN_SELF = YES;
				CLANG_WARN_OBJC_LITERAL_CONVERSION = YES;
				CLANG_WARN_OBJC_ROOT_CLASS = YES_ERROR;
				CLANG_WARN_QUOTED_INCLUDE_IN_FRAMEWORK_HEADER = YES;
				CLANG_WARN_RANGE_LOOP_ANALYSIS = YES;
				CLANG_WARN_STRICT_PROTOTYPES = YES;
				CLANG_WARN_SUSPICIOUS_MOVE = YES;
				CLANG_WARN_UNGUARDED_AVAILABILITY = YES_AGGRESSIVE;
				CLANG_WARN_UNREACHABLE_CODE = YES;
				CLANG_WARN__DUPLICATE_METHOD_MATCH = YES;
				COPY_PHASE_STRIP = NO;
				DEBUG_INFORMATION_FORMAT = "dwarf-with-dsym";
				ENABLE_NS_ASSERTIONS = NO;
				ENABLE_STRICT_OBJC_MSGSEND = YES;
				GCC_C_LANGUAGE_STANDARD = gnu11;
				GCC_NO_COMMON_BLOCKS = YES;
				GCC_WARN_64_TO_32_BIT_CONVERSION = YES;
				GCC_WARN_ABOUT_RETURN_TYPE = YES_ERROR;
				GCC_WARN_UNDECLARED_SELECTOR = YES;
				GCC_WARN_UNINITIALIZED_AUTOS = YES_AGGRESSIVE;
				GCC_WARN_UNUSED_FUNCTION = YES;
				GCC_WARN_UNUSED_VARIABLE = YES;
				MACOSX_DEPLOYMENT_TARGET = 12.0;
				MTL_ENABLE_DEBUG_INFO = NO;
				MTL_FAST_MATH = YES;
				SDKROOT = macosx;
			};
			name = Release;
		};
		1C24084226B9E2C800978B64 /* Debug */ = {
			isa = XCBuildConfiguration;
			buildSettings = {
				ASSETCATALOG_COMPILER_APPICON_NAME = AppIcon;
				ASSETCATALOG_COMPILER_GLOBAL_ACCENT_COLOR_NAME = AccentColor;
				CODE_SIGN_STYLE = Automatic;
				COMBINE_HIDPI_IMAGES = YES;
				CURRENT_PROJECT_VERSION = 1;
				DEVELOPMENT_TEAM = 5VSAYR3KJH;
				ENABLE_APP_SANDBOX = YES;
				ENABLE_HARDENED_RUNTIME = YES;
				ENABLE_USER_SELECTED_FILES = readonly;
				GENERATE_INFOPLIST_FILE = YES;
				INFOPLIST_KEY_NSHumanReadableCopyright = "";
				INFOPLIST_KEY_NSMainStoryboardFile = Main;
				INFOPLIST_KEY_NSPrincipalClass = NSApplication;
				LD_RUNPATH_SEARCH_PATHS = (
					"$(inherited)",
					"@executable_path/../Frameworks",
				);
				MARKETING_VERSION = 1.0;
				PRODUCT_BUNDLE_IDENTIFIER = "luciano.shortcuts-test";
				PRODUCT_NAME = "$(TARGET_NAME)";
				SWIFT_EMIT_LOC_STRINGS = YES;
			};
			name = Debug;
		};
		1C24084326B9E2C800978B64 /* Release */ = {
			isa = XCBuildConfiguration;
			buildSettings = {
				ASSETCATALOG_COMPILER_APPICON_NAME = AppIcon;
				ASSETCATALOG_COMPILER_GLOBAL_ACCENT_COLOR_NAME = AccentColor;
				CODE_SIGN_STYLE = Automatic;
				COMBINE_HIDPI_IMAGES = YES;
				CURRENT_PROJECT_VERSION = 1;
				DEVELOPMENT_TEAM = 5VSAYR3KJH;
				ENABLE_APP_SANDBOX = YES;
				ENABLE_HARDENED_RUNTIME = YES;
				ENABLE_USER_SELECTED_FILES = readonly;
				GENERATE_INFOPLIST_FILE = YES;
				INFOPLIST_KEY_NSHumanReadableCopyright = "";
				INFOPLIST_KEY_NSMainStoryboardFile = Main;
				INFOPLIST_KEY_NSPrincipalClass = NSApplication;
				LD_RUNPATH_SEARCH_PATHS = (
					"$(inherited)",
					"@executable_path/../Frameworks",
				);
				MARKETING_VERSION = 1.0;
				PRODUCT_BUNDLE_IDENTIFIER = "luciano.shortcuts-test";
				PRODUCT_NAME = "$(TARGET_NAME)";
				SWIFT_EMIT_LOC_STRINGS = YES;
			};
			name = Release;
		};
		1C24089626B9F25100978B64 /* Debug */ = {
			isa = XCBuildConfiguration;
			buildSettings = {
				CODE_SIGN_STYLE = Automatic;
				CURRENT_PROJECT_VERSION = 1;
				DEVELOPMENT_TEAM = 5VSAYR3KJH;
				ENABLE_HARDENED_RUNTIME = YES;
				GENERATE_INFOPLIST_FILE = YES;
				INFOPLIST_FILE = "intents-extension/Info.plist";
				INFOPLIST_KEY_CFBundleDisplayName = "intents-extension";
				INFOPLIST_KEY_NSHumanReadableCopyright = "";
				LD_RUNPATH_SEARCH_PATHS = (
					"$(inherited)",
					"@executable_path/../Frameworks",
					"@executable_path/../../../../Frameworks",
				);
				MACOSX_DEPLOYMENT_TARGET = 11.0;
				MARKETING_VERSION = 1.0;
				PRODUCT_BUNDLE_IDENTIFIER = "luciano.shortcuts-test.intents-extension";
				PRODUCT_NAME = "$(TARGET_NAME)";
				SKIP_INSTALL = YES;
				SWIFT_EMIT_LOC_STRINGS = YES;
			};
			name = Debug;
		};
		1C24089726B9F25100978B64 /* Release */ = {
			isa = XCBuildConfiguration;
			buildSettings = {
				CODE_SIGN_STYLE = Automatic;
				CURRENT_PROJECT_VERSION = 1;
				DEVELOPMENT_TEAM = 5VSAYR3KJH;
				ENABLE_HARDENED_RUNTIME = YES;
				GENERATE_INFOPLIST_FILE = YES;
				INFOPLIST_FILE = "intents-extension/Info.plist";
				INFOPLIST_KEY_CFBundleDisplayName = "intents-extension";
				INFOPLIST_KEY_NSHumanReadableCopyright = "";
				LD_RUNPATH_SEARCH_PATHS = (
					"$(inherited)",
					"@executable_path/../Frameworks",
					"@executable_path/../../../../Frameworks",
				);
				MACOSX_DEPLOYMENT_TARGET = 11.0;
				MARKETING_VERSION = 1.0;
				PRODUCT_BUNDLE_IDENTIFIER = "luciano.shortcuts-test.intents-extension";
				PRODUCT_NAME = "$(TARGET_NAME)";
				SKIP_INSTALL = YES;
				SWIFT_EMIT_LOC_STRINGS = YES;
			};
			name = Release;
		};
/* End XCBuildConfiguration section */

/* Begin XCConfigurationList section */
		1C24082A26B9E2C700978B64 /* Build configuration list for PBXProject "shortcuts test" */ = {
			isa = XCConfigurationList;
			buildConfigurations = (
				1C24083F26B9E2C800978B64 /* Debug */,
				1C24084026B9E2C800978B64 /* Release */,
			);
			defaultConfigurationIsVisible = 0;
			defaultConfigurationName = Release;
		};
		1C24084126B9E2C800978B64 /* Build configuration list for PBXNativeTarget "shortcuts test" */ = {
			isa = XCConfigurationList;
			buildConfigurations = (
				1C24084226B9E2C800978B64 /* Debug */,
				1C24084326B9E2C800978B64 /* Release */,
			);
			defaultConfigurationIsVisible = 0;
			defaultConfigurationName = Release;
		};
		1C24089826B9F25100978B64 /* Build configuration list for PBXNativeTarget "intents-extension" */ = {
			isa = XCConfigurationList;
			buildConfigurations = (
				1C24089626B9F25100978B64 /* Debug */,
				1C24089726B9F25100978B64 /* Release */,
			);
			defaultConfigurationIsVisible = 0;
			defaultConfigurationName = Release;
		};
/* End XCConfigurationList section */
	};
	rootObject = 1C24082726B9E2C700978B64 /* Project object */;
}
